
Microsoft Visual Studio Solution File, Format Version 12.00
# Visual Studio Version 16
VisualStudioVersion = 25.0.1705.4
MinimumVisualStudioVersion = 10.0.40219.1
Project("{FAE04EC0-301F-11D3-BF4B-00C04F79EFBC}") = "VendingMachine", "VendingMachine.csproj", "{189CB455-36E0-41B4-924D-62845F1D8734}"
EndProject
Project("{FAE04EC0-301F-11D3-BF4B-00C04F79EFBC}") = "TestMachine", "..\TestMachine\TestMachine.csproj", "{C671B1A0-1B73-40F4-AB7B-9825B1CA1CC9}"
EndProject
Global
	GlobalSection(SolutionConfigurationPlatforms) = preSolution
		Debug|Any CPU = Debug|Any CPU
		Release|Any CPU = Release|Any CPU
	EndGlobalSection
	GlobalSection(ProjectConfigurationPlatforms) = postSolution
		{189CB455-36E0-41B4-924D-62845F1D8734}.Debug|Any CPU.ActiveCfg = Debug|Any CPU
		{189CB455-36E0-41B4-924D-62845F1D8734}.Debug|Any CPU.Build.0 = Debug|Any CPU
		{189CB455-36E0-41B4-924D-62845F1D8734}.Release|Any CPU.ActiveCfg = Release|Any CPU
		{189CB455-36E0-41B4-924D-62845F1D8734}.Release|Any CPU.Build.0 = Release|Any CPU
		{C671B1A0-1B73-40F4-AB7B-9825B1CA1CC9}.Debug|Any CPU.ActiveCfg = Debug|Any CPU
		{C671B1A0-1B73-40F4-AB7B-9825B1CA1CC9}.Debug|Any CPU.Build.0 = Debug|Any CPU
		{C671B1A0-1B73-40F4-AB7B-9825B1CA1CC9}.Release|Any CPU.ActiveCfg = Release|Any CPU
		{C671B1A0-1B73-40F4-AB7B-9825B1CA1CC9}.Release|Any CPU.Build.0 = Release|Any CPU
	EndGlobalSection
	GlobalSection(SolutionProperties) = preSolution
		HideSolutionNode = FALSE
	EndGlobalSection
	GlobalSection(ExtensibilityGlobals) = postSolution
		SolutionGuid = {766A9250-3634-466D-9651-D7F524B91035}
	EndGlobalSection
EndGlobal
